// !$*UTF8*$!
{
	archiveVersion = 1;
	classes = {
	};
	objectVersion = 50;
	objects = {

/* Begin PBXBuildFile section */
		06B29A1F783E97635EE664C5 /* Pods_ZXYProjectKit.framework in Frameworks */ = {isa = PBXBuildFile; fileRef = 020C924C3575206E9B39C9C2 /* Pods_ZXYProjectKit.framework */; };
		5D05E5A5F96EB72D77143EB2 /* Pods_ZXYProjectKit_ZXYProjectKitUITests.framework in Frameworks */ = {isa = PBXBuildFile; fileRef = 2B9ED2E1B5F9BFD6565DF20C /* Pods_ZXYProjectKit_ZXYProjectKitUITests.framework */; };
		D8BFA08A25E25A090099B6FB /* AppDelegate.swift in Sources */ = {isa = PBXBuildFile; fileRef = D8BFA08925E25A090099B6FB /* AppDelegate.swift */; };
		D8BFA08C25E25A090099B6FB /* SceneDelegate.swift in Sources */ = {isa = PBXBuildFile; fileRef = D8BFA08B25E25A090099B6FB /* SceneDelegate.swift */; };
		D8BFA08E25E25A090099B6FB /* ViewController.swift in Sources */ = {isa = PBXBuildFile; fileRef = D8BFA08D25E25A090099B6FB /* ViewController.swift */; };
		D8BFA09125E25A090099B6FB /* Main.storyboard in Resources */ = {isa = PBXBuildFile; fileRef = D8BFA08F25E25A090099B6FB /* Main.storyboard */; };
		D8BFA09325E25A0A0099B6FB /* Assets.xcassets in Resources */ = {isa = PBXBuildFile; fileRef = D8BFA09225E25A0A0099B6FB /* Assets.xcassets */; };
		D8BFA09625E25A0A0099B6FB /* LaunchScreen.storyboard in Resources */ = {isa = PBXBuildFile; fileRef = D8BFA09425E25A0A0099B6FB /* LaunchScreen.storyboard */; };
		D8BFA0A125E25A0A0099B6FB /* ZXYProjectKitTests.swift in Sources */ = {isa = PBXBuildFile; fileRef = D8BFA0A025E25A0A0099B6FB /* ZXYProjectKitTests.swift */; };
		D8BFA0AC25E25A0A0099B6FB /* ZXYProjectKitUITests.swift in Sources */ = {isa = PBXBuildFile; fileRef = D8BFA0AB25E25A0A0099B6FB /* ZXYProjectKitUITests.swift */; };
		E98B77CD57D2004C90BF7260 /* Pods_ZXYProjectKitTests.framework in Frameworks */ = {isa = PBXBuildFile; fileRef = D9D1A8C9AC996ECCD54CFD3A /* Pods_ZXYProjectKitTests.framework */; };
/* End PBXBuildFile section */

/* Begin PBXContainerItemProxy section */
		D8BFA09D25E25A0A0099B6FB /* PBXContainerItemProxy */ = {
			isa = PBXContainerItemProxy;
			containerPortal = D8BFA07E25E25A090099B6FB /* Project object */;
			proxyType = 1;
			remoteGlobalIDString = D8BFA08525E25A090099B6FB;
			remoteInfo = ZXYProjectKit;
		};
		D8BFA0A825E25A0A0099B6FB /* PBXContainerItemProxy */ = {
			isa = PBXContainerItemProxy;
			containerPortal = D8BFA07E25E25A090099B6FB /* Project object */;
			proxyType = 1;
			remoteGlobalIDString = D8BFA08525E25A090099B6FB;
			remoteInfo = ZXYProjectKit;
		};
/* End PBXContainerItemProxy section */

/* Begin PBXFileReference section */
		020C924C3575206E9B39C9C2 /* Pods_ZXYProjectKit.framework */ = {isa = PBXFileReference; explicitFileType = wrapper.framework; includeInIndex = 0; path = Pods_ZXYProjectKit.framework; sourceTree = BUILT_PRODUCTS_DIR; };
		209AF197BAC03C763DFC55C2 /* Pods-ZXYProjectKitTests.debug.xcconfig */ = {isa = PBXFileReference; includeInIndex = 1; lastKnownFileType = text.xcconfig; name = "Pods-ZXYProjectKitTests.debug.xcconfig"; path = "Target Support Files/Pods-ZXYProjectKitTests/Pods-ZXYProjectKitTests.debug.xcconfig"; sourceTree = "<group>"; };
		2B9ED2E1B5F9BFD6565DF20C /* Pods_ZXYProjectKit_ZXYProjectKitUITests.framework */ = {isa = PBXFileReference; explicitFileType = wrapper.framework; includeInIndex = 0; path = Pods_ZXYProjectKit_ZXYProjectKitUITests.framework; sourceTree = BUILT_PRODUCTS_DIR; };
		77DCF5AADE2B9868CF97E5EB /* Pods-ZXYProjectKit-ZXYProjectKitUITests.debug.xcconfig */ = {isa = PBXFileReference; includeInIndex = 1; lastKnownFileType = text.xcconfig; name = "Pods-ZXYProjectKit-ZXYProjectKitUITests.debug.xcconfig"; path = "Target Support Files/Pods-ZXYProjectKit-ZXYProjectKitUITests/Pods-ZXYProjectKit-ZXYProjectKitUITests.debug.xcconfig"; sourceTree = "<group>"; };
		7E4BDB3AFD987C313C2F7E11 /* Pods-ZXYProjectKit.release.xcconfig */ = {isa = PBXFileReference; includeInIndex = 1; lastKnownFileType = text.xcconfig; name = "Pods-ZXYProjectKit.release.xcconfig"; path = "Target Support Files/Pods-ZXYProjectKit/Pods-ZXYProjectKit.release.xcconfig"; sourceTree = "<group>"; };
		942B53AB1819C4137EE258CE /* Pods-ZXYProjectKitTests.release.xcconfig */ = {isa = PBXFileReference; includeInIndex = 1; lastKnownFileType = text.xcconfig; name = "Pods-ZXYProjectKitTests.release.xcconfig"; path = "Target Support Files/Pods-ZXYProjectKitTests/Pods-ZXYProjectKitTests.release.xcconfig"; sourceTree = "<group>"; };
		98B783AC446CE2BFDE9A2AC4 /* Pods-ZXYProjectKit.debug.xcconfig */ = {isa = PBXFileReference; includeInIndex = 1; lastKnownFileType = text.xcconfig; name = "Pods-ZXYProjectKit.debug.xcconfig"; path = "Target Support Files/Pods-ZXYProjectKit/Pods-ZXYProjectKit.debug.xcconfig"; sourceTree = "<group>"; };
		A0854BB269713E2E35E5E794 /* Pods-ZXYProjectKit-ZXYProjectKitUITests.release.xcconfig */ = {isa = PBXFileReference; includeInIndex = 1; lastKnownFileType = text.xcconfig; name = "Pods-ZXYProjectKit-ZXYProjectKitUITests.release.xcconfig"; path = "Target Support Files/Pods-ZXYProjectKit-ZXYProjectKitUITests/Pods-ZXYProjectKit-ZXYProjectKitUITests.release.xcconfig"; sourceTree = "<group>"; };
		D8BFA08625E25A090099B6FB /* ZXYProjectKit.app */ = {isa = PBXFileReference; explicitFileType = wrapper.application; includeInIndex = 0; path = ZXYProjectKit.app; sourceTree = BUILT_PRODUCTS_DIR; };
		D8BFA08925E25A090099B6FB /* AppDelegate.swift */ = {isa = PBXFileReference; lastKnownFileType = sourcecode.swift; path = AppDelegate.swift; sourceTree = "<group>"; };
		D8BFA08B25E25A090099B6FB /* SceneDelegate.swift */ = {isa = PBXFileReference; lastKnownFileType = sourcecode.swift; path = SceneDelegate.swift; sourceTree = "<group>"; };
		D8BFA08D25E25A090099B6FB /* ViewController.swift */ = {isa = PBXFileReference; lastKnownFileType = sourcecode.swift; path = ViewController.swift; sourceTree = "<group>"; };
		D8BFA09025E25A090099B6FB /* Base */ = {isa = PBXFileReference; lastKnownFileType = file.storyboard; name = Base; path = Base.lproj/Main.storyboard; sourceTree = "<group>"; };
		D8BFA09225E25A0A0099B6FB /* Assets.xcassets */ = {isa = PBXFileReference; lastKnownFileType = folder.assetcatalog; path = Assets.xcassets; sourceTree = "<group>"; };
		D8BFA09525E25A0A0099B6FB /* Base */ = {isa = PBXFileReference; lastKnownFileType = file.storyboard; name = Base; path = Base.lproj/LaunchScreen.storyboard; sourceTree = "<group>"; };
		D8BFA09725E25A0A0099B6FB /* Info.plist */ = {isa = PBXFileReference; lastKnownFileType = text.plist.xml; path = Info.plist; sourceTree = "<group>"; };
		D8BFA09C25E25A0A0099B6FB /* ZXYProjectKitTests.xctest */ = {isa = PBXFileReference; explicitFileType = wrapper.cfbundle; includeInIndex = 0; path = ZXYProjectKitTests.xctest; sourceTree = BUILT_PRODUCTS_DIR; };
		D8BFA0A025E25A0A0099B6FB /* ZXYProjectKitTests.swift */ = {isa = PBXFileReference; lastKnownFileType = sourcecode.swift; path = ZXYProjectKitTests.swift; sourceTree = "<group>"; };
		D8BFA0A225E25A0A0099B6FB /* Info.plist */ = {isa = PBXFileReference; lastKnownFileType = text.plist.xml; path = Info.plist; sourceTree = "<group>"; };
		D8BFA0A725E25A0A0099B6FB /* ZXYProjectKitUITests.xctest */ = {isa = PBXFileReference; explicitFileType = wrapper.cfbundle; includeInIndex = 0; path = ZXYProjectKitUITests.xctest; sourceTree = BUILT_PRODUCTS_DIR; };
		D8BFA0AB25E25A0A0099B6FB /* ZXYProjectKitUITests.swift */ = {isa = PBXFileReference; lastKnownFileType = sourcecode.swift; path = ZXYProjectKitUITests.swift; sourceTree = "<group>"; };
		D8BFA0AD25E25A0A0099B6FB /* Info.plist */ = {isa = PBXFileReference; lastKnownFileType = text.plist.xml; path = Info.plist; sourceTree = "<group>"; };
		D9D1A8C9AC996ECCD54CFD3A /* Pods_ZXYProjectKitTests.framework */ = {isa = PBXFileReference; explicitFileType = wrapper.framework; includeInIndex = 0; path = Pods_ZXYProjectKitTests.framework; sourceTree = BUILT_PRODUCTS_DIR; };
/* End PBXFileReference section */

/* Begin PBXFrameworksBuildPhase section */
		D8BFA08325E25A090099B6FB /* Frameworks */ = {
			isa = PBXFrameworksBuildPhase;
			buildActionMask = 2147483647;
			files = (
				06B29A1F783E97635EE664C5 /* Pods_ZXYProjectKit.framework in Frameworks */,
			);
			runOnlyForDeploymentPostprocessing = 0;
		};
		D8BFA09925E25A0A0099B6FB /* Frameworks */ = {
			isa = PBXFrameworksBuildPhase;
			buildActionMask = 2147483647;
			files = (
				E98B77CD57D2004C90BF7260 /* Pods_ZXYProjectKitTests.framework in Frameworks */,
			);
			runOnlyForDeploymentPostprocessing = 0;
		};
		D8BFA0A425E25A0A0099B6FB /* Frameworks */ = {
			isa = PBXFrameworksBuildPhase;
			buildActionMask = 2147483647;
			files = (
				5D05E5A5F96EB72D77143EB2 /* Pods_ZXYProjectKit_ZXYProjectKitUITests.framework in Frameworks */,
			);
			runOnlyForDeploymentPostprocessing = 0;
		};
/* End PBXFrameworksBuildPhase section */

/* Begin PBXGroup section */
		95A1C11279F3E219CB8F230A /* Pods */ = {
			isa = PBXGroup;
			children = (
				98B783AC446CE2BFDE9A2AC4 /* Pods-ZXYProjectKit.debug.xcconfig */,
				7E4BDB3AFD987C313C2F7E11 /* Pods-ZXYProjectKit.release.xcconfig */,
				77DCF5AADE2B9868CF97E5EB /* Pods-ZXYProjectKit-ZXYProjectKitUITests.debug.xcconfig */,
				A0854BB269713E2E35E5E794 /* Pods-ZXYProjectKit-ZXYProjectKitUITests.release.xcconfig */,
				209AF197BAC03C763DFC55C2 /* Pods-ZXYProjectKitTests.debug.xcconfig */,
				942B53AB1819C4137EE258CE /* Pods-ZXYProjectKitTests.release.xcconfig */,
			);
			name = Pods;
			path = Pods;
			sourceTree = "<group>";
		};
		D8BFA07D25E25A090099B6FB = {
			isa = PBXGroup;
			children = (
				D8BFA08825E25A090099B6FB /* ZXYProjectKit */,
				D8BFA09F25E25A0A0099B6FB /* ZXYProjectKitTests */,
				D8BFA0AA25E25A0A0099B6FB /* ZXYProjectKitUITests */,
				D8BFA08725E25A090099B6FB /* Products */,
				95A1C11279F3E219CB8F230A /* Pods */,
				E5EB7A83788FC0F5D5A0379E /* Frameworks */,
			);
			sourceTree = "<group>";
		};
		D8BFA08725E25A090099B6FB /* Products */ = {
			isa = PBXGroup;
			children = (
				D8BFA08625E25A090099B6FB /* ZXYProjectKit.app */,
				D8BFA09C25E25A0A0099B6FB /* ZXYProjectKitTests.xctest */,
				D8BFA0A725E25A0A0099B6FB /* ZXYProjectKitUITests.xctest */,
			);
			name = Products;
			sourceTree = "<group>";
		};
		D8BFA08825E25A090099B6FB /* ZXYProjectKit */ = {
			isa = PBXGroup;
			children = (
				D8BFA08925E25A090099B6FB /* AppDelegate.swift */,
				D8BFA08B25E25A090099B6FB /* SceneDelegate.swift */,
				D8BFA08D25E25A090099B6FB /* ViewController.swift */,
				D8BFA08F25E25A090099B6FB /* Main.storyboard */,
				D8BFA09225E25A0A0099B6FB /* Assets.xcassets */,
				D8BFA09425E25A0A0099B6FB /* LaunchScreen.storyboard */,
				D8BFA09725E25A0A0099B6FB /* Info.plist */,
			);
			path = ZXYProjectKit;
			sourceTree = "<group>";
		};
		D8BFA09F25E25A0A0099B6FB /* ZXYProjectKitTests */ = {
			isa = PBXGroup;
			children = (
				D8BFA0A025E25A0A0099B6FB /* ZXYProjectKitTests.swift */,
				D8BFA0A225E25A0A0099B6FB /* Info.plist */,
			);
			path = ZXYProjectKitTests;
			sourceTree = "<group>";
		};
		D8BFA0AA25E25A0A0099B6FB /* ZXYProjectKitUITests */ = {
			isa = PBXGroup;
			children = (
				D8BFA0AB25E25A0A0099B6FB /* ZXYProjectKitUITests.swift */,
				D8BFA0AD25E25A0A0099B6FB /* Info.plist */,
			);
			path = ZXYProjectKitUITests;
			sourceTree = "<group>";
		};
		E5EB7A83788FC0F5D5A0379E /* Frameworks */ = {
			isa = PBXGroup;
			children = (
				020C924C3575206E9B39C9C2 /* Pods_ZXYProjectKit.framework */,
				2B9ED2E1B5F9BFD6565DF20C /* Pods_ZXYProjectKit_ZXYProjectKitUITests.framework */,
				D9D1A8C9AC996ECCD54CFD3A /* Pods_ZXYProjectKitTests.framework */,
			);
			name = Frameworks;
			sourceTree = "<group>";
		};
/* End PBXGroup section */

/* Begin PBXNativeTarget section */
		D8BFA08525E25A090099B6FB /* ZXYProjectKit */ = {
			isa = PBXNativeTarget;
			buildConfigurationList = D8BFA0B025E25A0A0099B6FB /* Build configuration list for PBXNativeTarget "ZXYProjectKit" */;
			buildPhases = (
				74AF5B111D6CC786877B11DC /* [CP] Check Pods Manifest.lock */,
				D8BFA08225E25A090099B6FB /* Sources */,
				D8BFA08325E25A090099B6FB /* Frameworks */,
				D8BFA08425E25A090099B6FB /* Resources */,
				991A921E8DE166304168F234 /* [CP] Embed Pods Frameworks */,
			);
			buildRules = (
			);
			dependencies = (
			);
			name = ZXYProjectKit;
			productName = ZXYProjectKit;
			productReference = D8BFA08625E25A090099B6FB /* ZXYProjectKit.app */;
			productType = "com.apple.product-type.application";
		};
		D8BFA09B25E25A0A0099B6FB /* ZXYProjectKitTests */ = {
			isa = PBXNativeTarget;
			buildConfigurationList = D8BFA0B325E25A0A0099B6FB /* Build configuration list for PBXNativeTarget "ZXYProjectKitTests" */;
			buildPhases = (
				4BF7307B3F1D4B926DC6BFED /* [CP] Check Pods Manifest.lock */,
				D8BFA09825E25A0A0099B6FB /* Sources */,
				D8BFA09925E25A0A0099B6FB /* Frameworks */,
				D8BFA09A25E25A0A0099B6FB /* Resources */,
			);
			buildRules = (
			);
			dependencies = (
				D8BFA09E25E25A0A0099B6FB /* PBXTargetDependency */,
			);
			name = ZXYProjectKitTests;
			productName = ZXYProjectKitTests;
			productReference = D8BFA09C25E25A0A0099B6FB /* ZXYProjectKitTests.xctest */;
			productType = "com.apple.product-type.bundle.unit-test";
		};
		D8BFA0A625E25A0A0099B6FB /* ZXYProjectKitUITests */ = {
			isa = PBXNativeTarget;
			buildConfigurationList = D8BFA0B625E25A0A0099B6FB /* Build configuration list for PBXNativeTarget "ZXYProjectKitUITests" */;
			buildPhases = (
				92A133872B9F6663109D0058 /* [CP] Check Pods Manifest.lock */,
				D8BFA0A325E25A0A0099B6FB /* Sources */,
				D8BFA0A425E25A0A0099B6FB /* Frameworks */,
				D8BFA0A525E25A0A0099B6FB /* Resources */,
				7F57D3C800079A490AF207C2 /* [CP] Embed Pods Frameworks */,
			);
			buildRules = (
			);
			dependencies = (
				D8BFA0A925E25A0A0099B6FB /* PBXTargetDependency */,
			);
			name = ZXYProjectKitUITests;
			productName = ZXYProjectKitUITests;
			productReference = D8BFA0A725E25A0A0099B6FB /* ZXYProjectKitUITests.xctest */;
			productType = "com.apple.product-type.bundle.ui-testing";
		};
/* End PBXNativeTarget section */

/* Begin PBXProject section */
		D8BFA07E25E25A090099B6FB /* Project object */ = {
			isa = PBXProject;
			attributes = {
				LastSwiftUpdateCheck = 1230;
				LastUpgradeCheck = 1230;
				TargetAttributes = {
					D8BFA08525E25A090099B6FB = {
						CreatedOnToolsVersion = 12.3;
					};
					D8BFA09B25E25A0A0099B6FB = {
						CreatedOnToolsVersion = 12.3;
						TestTargetID = D8BFA08525E25A090099B6FB;
					};
					D8BFA0A625E25A0A0099B6FB = {
						CreatedOnToolsVersion = 12.3;
						TestTargetID = D8BFA08525E25A090099B6FB;
					};
				};
			};
			buildConfigurationList = D8BFA08125E25A090099B6FB /* Build configuration list for PBXProject "ZXYProjectKit" */;
			compatibilityVersion = "Xcode 9.3";
			developmentRegion = en;
			hasScannedForEncodings = 0;
			knownRegions = (
				en,
				Base,
			);
			mainGroup = D8BFA07D25E25A090099B6FB;
			productRefGroup = D8BFA08725E25A090099B6FB /* Products */;
			projectDirPath = "";
			projectRoot = "";
			targets = (
				D8BFA08525E25A090099B6FB /* ZXYProjectKit */,
				D8BFA09B25E25A0A0099B6FB /* ZXYProjectKitTests */,
				D8BFA0A625E25A0A0099B6FB /* ZXYProjectKitUITests */,
			);
		};
/* End PBXProject section */

/* Begin PBXResourcesBuildPhase section */
		D8BFA08425E25A090099B6FB /* Resources */ = {
			isa = PBXResourcesBuildPhase;
			buildActionMask = 2147483647;
			files = (
				D8BFA09625E25A0A0099B6FB /* LaunchScreen.storyboard in Resources */,
				D8BFA09325E25A0A0099B6FB /* Assets.xcassets in Resources */,
				D8BFA09125E25A090099B6FB /* Main.storyboard in Resources */,
			);
			runOnlyForDeploymentPostprocessing = 0;
		};
		D8BFA09A25E25A0A0099B6FB /* Resources */ = {
			isa = PBXResourcesBuildPhase;
			buildActionMask = 2147483647;
			files = (
			);
			runOnlyForDeploymentPostprocessing = 0;
		};
		D8BFA0A525E25A0A0099B6FB /* Resources */ = {
			isa = PBXResourcesBuildPhase;
			buildActionMask = 2147483647;
			files = (
			);
			runOnlyForDeploymentPostprocessing = 0;
		};
/* End PBXResourcesBuildPhase section */

/* Begin PBXShellScriptBuildPhase section */
		4BF7307B3F1D4B926DC6BFED /* [CP] Check Pods Manifest.lock */ = {
			isa = PBXShellScriptBuildPhase;
			buildActionMask = 2147483647;
			files = (
			);
			inputFileListPaths = (
			);
			inputPaths = (
				"${PODS_PODFILE_DIR_PATH}/Podfile.lock",
				"${PODS_ROOT}/Manifest.lock",
			);
			name = "[CP] Check Pods Manifest.lock";
			outputFileListPaths = (
			);
			outputPaths = (
				"$(DERIVED_FILE_DIR)/Pods-ZXYProjectKitTests-checkManifestLockResult.txt",
			);
			runOnlyForDeploymentPostprocessing = 0;
			shellPath = /bin/sh;
			shellScript = "diff \"${PODS_PODFILE_DIR_PATH}/Podfile.lock\" \"${PODS_ROOT}/Manifest.lock\" > /dev/null\nif [ $? != 0 ] ; then\n    # print error to STDERR\n    echo \"error: The sandbox is not in sync with the Podfile.lock. Run 'pod install' or update your CocoaPods installation.\" >&2\n    exit 1\nfi\n# This output is used by Xcode 'outputs' to avoid re-running this script phase.\necho \"SUCCESS\" > \"${SCRIPT_OUTPUT_FILE_0}\"\n";
			showEnvVarsInLog = 0;
		};
		74AF5B111D6CC786877B11DC /* [CP] Check Pods Manifest.lock */ = {
			isa = PBXShellScriptBuildPhase;
			buildActionMask = 2147483647;
			files = (
			);
			inputFileListPaths = (
			);
			inputPaths = (
				"${PODS_PODFILE_DIR_PATH}/Podfile.lock",
				"${PODS_ROOT}/Manifest.lock",
			);
			name = "[CP] Check Pods Manifest.lock";
			outputFileListPaths = (
			);
			outputPaths = (
				"$(DERIVED_FILE_DIR)/Pods-ZXYProjectKit-checkManifestLockResult.txt",
			);
			runOnlyForDeploymentPostprocessing = 0;
			shellPath = /bin/sh;
			shellScript = "diff \"${PODS_PODFILE_DIR_PATH}/Podfile.lock\" \"${PODS_ROOT}/Manifest.lock\" > /dev/null\nif [ $? != 0 ] ; then\n    # print error to STDERR\n    echo \"error: The sandbox is not in sync with the Podfile.lock. Run 'pod install' or update your CocoaPods installation.\" >&2\n    exit 1\nfi\n# This output is used by Xcode 'outputs' to avoid re-running this script phase.\necho \"SUCCESS\" > \"${SCRIPT_OUTPUT_FILE_0}\"\n";
			showEnvVarsInLog = 0;
		};
		7F57D3C800079A490AF207C2 /* [CP] Embed Pods Frameworks */ = {
			isa = PBXShellScriptBuildPhase;
			buildActionMask = 2147483647;
			files = (
			);
			inputFileListPaths = (
				"${PODS_ROOT}/Target Support Files/Pods-ZXYProjectKit-ZXYProjectKitUITests/Pods-ZXYProjectKit-ZXYProjectKitUITests-frameworks-${CONFIGURATION}-input-files.xcfilelist",
			);
			name = "[CP] Embed Pods Frameworks";
			outputFileListPaths = (
				"${PODS_ROOT}/Target Support Files/Pods-ZXYProjectKit-ZXYProjectKitUITests/Pods-ZXYProjectKit-ZXYProjectKitUITests-frameworks-${CONFIGURATION}-output-files.xcfilelist",
			);
			runOnlyForDeploymentPostprocessing = 0;
			shellPath = /bin/sh;
			shellScript = "\"${PODS_ROOT}/Target Support Files/Pods-ZXYProjectKit-ZXYProjectKitUITests/Pods-ZXYProjectKit-ZXYProjectKitUITests-frameworks.sh\"\n";
			showEnvVarsInLog = 0;
		};
		92A133872B9F6663109D0058 /* [CP] Check Pods Manifest.lock */ = {
			isa = PBXShellScriptBuildPhase;
			buildActionMask = 2147483647;
			files = (
			);
			inputFileListPaths = (
			);
			inputPaths = (
				"${PODS_PODFILE_DIR_PATH}/Podfile.lock",
				"${PODS_ROOT}/Manifest.lock",
			);
			name = "[CP] Check Pods Manifest.lock";
			outputFileListPaths = (
			);
			outputPaths = (
				"$(DERIVED_FILE_DIR)/Pods-ZXYProjectKit-ZXYProjectKitUITests-checkManifestLockResult.txt",
			);
			runOnlyForDeploymentPostprocessing = 0;
			shellPath = /bin/sh;
			shellScript = "diff \"${PODS_PODFILE_DIR_PATH}/Podfile.lock\" \"${PODS_ROOT}/Manifest.lock\" > /dev/null\nif [ $? != 0 ] ; then\n    # print error to STDERR\n    echo \"error: The sandbox is not in sync with the Podfile.lock. Run 'pod install' or update your CocoaPods installation.\" >&2\n    exit 1\nfi\n# This output is used by Xcode 'outputs' to avoid re-running this script phase.\necho \"SUCCESS\" > \"${SCRIPT_OUTPUT_FILE_0}\"\n";
			showEnvVarsInLog = 0;
		};
		991A921E8DE166304168F234 /* [CP] Embed Pods Frameworks */ = {
			isa = PBXShellScriptBuildPhase;
			buildActionMask = 2147483647;
			files = (
			);
			inputFileListPaths = (
				"${PODS_ROOT}/Target Support Files/Pods-ZXYProjectKit/Pods-ZXYProjectKit-frameworks-${CONFIGURATION}-input-files.xcfilelist",
			);
			name = "[CP] Embed Pods Frameworks";
			outputFileListPaths = (
				"${PODS_ROOT}/Target Support Files/Pods-ZXYProjectKit/Pods-ZXYProjectKit-frameworks-${CONFIGURATION}-output-files.xcfilelist",
			);
			runOnlyForDeploymentPostprocessing = 0;
			shellPath = /bin/sh;
			shellScript = "\"${PODS_ROOT}/Target Support Files/Pods-ZXYProjectKit/Pods-ZXYProjectKit-frameworks.sh\"\n";
			showEnvVarsInLog = 0;
		};
/* End PBXShellScriptBuildPhase section */

/* Begin PBXSourcesBuildPhase section */
		D8BFA08225E25A090099B6FB /* Sources */ = {
			isa = PBXSourcesBuildPhase;
			buildActionMask = 2147483647;
			files = (
				D8BFA08E25E25A090099B6FB /* ViewController.swift in Sources */,
				D8BFA08A25E25A090099B6FB /* AppDelegate.swift in Sources */,
				D8BFA08C25E25A090099B6FB /* SceneDelegate.swift in Sources */,
			);
			runOnlyForDeploymentPostprocessing = 0;
		};
		D8BFA09825E25A0A0099B6FB /* Sources */ = {
			isa = PBXSourcesBuildPhase;
			buildActionMask = 2147483647;
			files = (
				D8BFA0A125E25A0A0099B6FB /* ZXYProjectKitTests.swift in Sources */,
			);
			runOnlyForDeploymentPostprocessing = 0;
		};
		D8BFA0A325E25A0A0099B6FB /* Sources */ = {
			isa = PBXSourcesBuildPhase;
			buildActionMask = 2147483647;
			files = (
				D8BFA0AC25E25A0A0099B6FB /* ZXYProjectKitUITests.swift in Sources */,
			);
			runOnlyForDeploymentPostprocessing = 0;
		};
/* End PBXSourcesBuildPhase section */

/* Begin PBXTargetDependency section */
		D8BFA09E25E25A0A0099B6FB /* PBXTargetDependency */ = {
			isa = PBXTargetDependency;
			target = D8BFA08525E25A090099B6FB /* ZXYProjectKit */;
			targetProxy = D8BFA09D25E25A0A0099B6FB /* PBXContainerItemProxy */;
		};
		D8BFA0A925E25A0A0099B6FB /* PBXTargetDependency */ = {
			isa = PBXTargetDependency;
			target = D8BFA08525E25A090099B6FB /* ZXYProjectKit */;
			targetProxy = D8BFA0A825E25A0A0099B6FB /* PBXContainerItemProxy */;
		};
/* End PBXTargetDependency section */

/* Begin PBXVariantGroup section */
		D8BFA08F25E25A090099B6FB /* Main.storyboard */ = {
			isa = PBXVariantGroup;
			children = (
				D8BFA09025E25A090099B6FB /* Base */,
			);
			name = Main.storyboard;
			sourceTree = "<group>";
		};
		D8BFA09425E25A0A0099B6FB /* LaunchScreen.storyboard */ = {
			isa = PBXVariantGroup;
			children = (
				D8BFA09525E25A0A0099B6FB /* Base */,
			);
			name = LaunchScreen.storyboard;
			sourceTree = "<group>";
		};
/* End PBXVariantGroup section */

/* Begin XCBuildConfiguration section */
		D8BFA0AE25E25A0A0099B6FB /* Debug */ = {
			isa = XCBuildConfiguration;
			buildSettings = {
				ALWAYS_SEARCH_USER_PATHS = NO;
				CLANG_ANALYZER_NONNULL = YES;
				CLANG_ANALYZER_NUMBER_OBJECT_CONVERSION = YES_AGGRESSIVE;
				CLANG_CXX_LANGUAGE_STANDARD = "gnu++14";
				CLANG_CXX_LIBRARY = "libc++";
				CLANG_ENABLE_MODULES = YES;
				CLANG_ENABLE_OBJC_ARC = YES;
				CLANG_ENABLE_OBJC_WEAK = YES;
				CLANG_WARN_BLOCK_CAPTURE_AUTORELEASING = YES;
				CLANG_WARN_BOOL_CONVERSION = YES;
				CLANG_WARN_COMMA = YES;
				CLANG_WARN_CONSTANT_CONVERSION = YES;
				CLANG_WARN_DEPRECATED_OBJC_IMPLEMENTATIONS = YES;
				CLANG_WARN_DIRECT_OBJC_ISA_USAGE = YES_ERROR;
				CLANG_WARN_DOCUMENTATION_COMMENTS = YES;
				CLANG_WARN_EMPTY_BODY = YES;
				CLANG_WARN_ENUM_CONVERSION = YES;
				CLANG_WARN_INFINITE_RECURSION = YES;
				CLANG_WARN_INT_CONVERSION = YES;
				CLANG_WARN_NON_LITERAL_NULL_CONVERSION = YES;
				CLANG_WARN_OBJC_IMPLICIT_RETAIN_SELF = YES;
				CLANG_WARN_OBJC_LITERAL_CONVERSION = YES;
				CLANG_WARN_OBJC_ROOT_CLASS = YES_ERROR;
				CLANG_WARN_QUOTED_INCLUDE_IN_FRAMEWORK_HEADER = YES;
				CLANG_WARN_RANGE_LOOP_ANALYSIS = YES;
				CLANG_WARN_STRICT_PROTOTYPES = YES;
				CLANG_WARN_SUSPICIOUS_MOVE = YES;
				CLANG_WARN_UNGUARDED_AVAILABILITY = YES_AGGRESSIVE;
				CLANG_WARN_UNREACHABLE_CODE = YES;
				CLANG_WARN__DUPLICATE_METHOD_MATCH = YES;
				COPY_PHASE_STRIP = NO;
				DEBUG_INFORMATION_FORMAT = dwarf;
				ENABLE_STRICT_OBJC_MSGSEND = YES;
				ENABLE_TESTABILITY = YES;
				GCC_C_LANGUAGE_STANDARD = gnu11;
				GCC_DYNAMIC_NO_PIC = NO;
				GCC_NO_COMMON_BLOCKS = YES;
				GCC_OPTIMIZATION_LEVEL = 0;
				GCC_PREPROCESSOR_DEFINITIONS = (
					"DEBUG=1",
					"$(inherited)",
				);
				GCC_WARN_64_TO_32_BIT_CONVERSION = YES;
				GCC_WARN_ABOUT_RETURN_TYPE = YES_ERROR;
				GCC_WARN_UNDECLARED_SELECTOR = YES;
				GCC_WARN_UNINITIALIZED_AUTOS = YES_AGGRESSIVE;
				GCC_WARN_UNUSED_FUNCTION = YES;
				GCC_WARN_UNUSED_VARIABLE = YES;
				IPHONEOS_DEPLOYMENT_TARGET = 14.3;
				MTL_ENABLE_DEBUG_INFO = INCLUDE_SOURCE;
				MTL_FAST_MATH = YES;
				ONLY_ACTIVE_ARCH = YES;
				SDKROOT = iphoneos;
				SWIFT_ACTIVE_COMPILATION_CONDITIONS = DEBUG;
				SWIFT_OPTIMIZATION_LEVEL = "-Onone";
			};
			name = Debug;
		};
		D8BFA0AF25E25A0A0099B6FB /* Release */ = {
			isa = XCBuildConfiguration;
			buildSettings = {
				ALWAYS_SEARCH_USER_PATHS = NO;
				CLANG_ANALYZER_NONNULL = YES;
				CLANG_ANALYZER_NUMBER_OBJECT_CONVERSION = YES_AGGRESSIVE;
				CLANG_CXX_LANGUAGE_STANDARD = "gnu++14";
				CLANG_CXX_LIBRARY = "libc++";
				CLANG_ENABLE_MODULES = YES;
				CLANG_ENABLE_OBJC_ARC = YES;
				CLANG_ENABLE_OBJC_WEAK = YES;
				CLANG_WARN_BLOCK_CAPTURE_AUTORELEASING = YES;
				CLANG_WARN_BOOL_CONVERSION = YES;
				CLANG_WARN_COMMA = YES;
				CLANG_WARN_CONSTANT_CONVERSION = YES;
				CLANG_WARN_DEPRECATED_OBJC_IMPLEMENTATIONS = YES;
				CLANG_WARN_DIRECT_OBJC_ISA_USAGE = YES_ERROR;
				CLANG_WARN_DOCUMENTATION_COMMENTS = YES;
				CLANG_WARN_EMPTY_BODY = YES;
				CLANG_WARN_ENUM_CONVERSION = YES;
				CLANG_WARN_INFINITE_RECURSION = YES;
				CLANG_WARN_INT_CONVERSION = YES;
				CLANG_WARN_NON_LITERAL_NULL_CONVERSION = YES;
				CLANG_WARN_OBJC_IMPLICIT_RETAIN_SELF = YES;
				CLANG_WARN_OBJC_LITERAL_CONVERSION = YES;
				CLANG_WARN_OBJC_ROOT_CLASS = YES_ERROR;
				CLANG_WARN_QUOTED_INCLUDE_IN_FRAMEWORK_HEADER = YES;
				CLANG_WARN_RANGE_LOOP_ANALYSIS = YES;
				CLANG_WARN_STRICT_PROTOTYPES = YES;
				CLANG_WARN_SUSPICIOUS_MOVE = YES;
				CLANG_WARN_UNGUARDED_AVAILABILITY = YES_AGGRESSIVE;
				CLANG_WARN_UNREACHABLE_CODE = YES;
				CLANG_WARN__DUPLICATE_METHOD_MATCH = YES;
				COPY_PHASE_STRIP = NO;
				DEBUG_INFORMATION_FORMAT = "dwarf-with-dsym";
				ENABLE_NS_ASSERTIONS = NO;
				ENABLE_STRICT_OBJC_MSGSEND = YES;
				GCC_C_LANGUAGE_STANDARD = gnu11;
				GCC_NO_COMMON_BLOCKS = YES;
				GCC_WARN_64_TO_32_BIT_CONVERSION = YES;
				GCC_WARN_ABOUT_RETURN_TYPE = YES_ERROR;
				GCC_WARN_UNDECLARED_SELECTOR = YES;
				GCC_WARN_UNINITIALIZED_AUTOS = YES_AGGRESSIVE;
				GCC_WARN_UNUSED_FUNCTION = YES;
				GCC_WARN_UNUSED_VARIABLE = YES;
				IPHONEOS_DEPLOYMENT_TARGET = 14.3;
				MTL_ENABLE_DEBUG_INFO = NO;
				MTL_FAST_MATH = YES;
				SDKROOT = iphoneos;
				SWIFT_COMPILATION_MODE = wholemodule;
				SWIFT_OPTIMIZATION_LEVEL = "-O";
				VALIDATE_PRODUCT = YES;
			};
			name = Release;
		};
		D8BFA0B125E25A0A0099B6FB /* Debug */ = {
			isa = XCBuildConfiguration;
			baseConfigurationReference = 98B783AC446CE2BFDE9A2AC4 /* Pods-ZXYProjectKit.debug.xcconfig */;
			buildSettings = {
				ASSETCATALOG_COMPILER_APPICON_NAME = AppIcon;
				ASSETCATALOG_COMPILER_GLOBAL_ACCENT_COLOR_NAME = AccentColor;
				CODE_SIGN_STYLE = Automatic;
				INFOPLIST_FILE = ZXYProjectKit/Info.plist;
				LD_RUNPATH_SEARCH_PATHS = (
					"$(inherited)",
					"@executable_path/Frameworks",
				);
				PRODUCT_BUNDLE_IDENTIFIER = zhangxiaoyang.ZXYProjectKit;
				PRODUCT_NAME = "$(TARGET_NAME)";
				SWIFT_VERSION = 5.0;
				TARGETED_DEVICE_FAMILY = "1,2";
			};
			name = Debug;
		};
		D8BFA0B225E25A0A0099B6FB /* Release */ = {
			isa = XCBuildConfiguration;
			baseConfigurationReference = 7E4BDB3AFD987C313C2F7E11 /* Pods-ZXYProjectKit.release.xcconfig */;
			buildSettings = {
				ASSETCATALOG_COMPILER_APPICON_NAME = AppIcon;
				ASSETCATALOG_COMPILER_GLOBAL_ACCENT_COLOR_NAME = AccentColor;
				CODE_SIGN_STYLE = Automatic;
				INFOPLIST_FILE = ZXYProjectKit/Info.plist;
				LD_RUNPATH_SEARCH_PATHS = (
					"$(inherited)",
					"@executable_path/Frameworks",
				);
				PRODUCT_BUNDLE_IDENTIFIER = zhangxiaoyang.ZXYProjectKit;
				PRODUCT_NAME = "$(TARGET_NAME)";
				SWIFT_VERSION = 5.0;
				TARGETED_DEVICE_FAMILY = "1,2";
			};
			name = Release;
		};
		D8BFA0B425E25A0A0099B6FB /* Debug */ = {
			isa = XCBuildConfiguration;
			baseConfigurationReference = 209AF197BAC03C763DFC55C2 /* Pods-ZXYProjectKitTests.debug.xcconfig */;
			buildSettings = {
				ALWAYS_EMBED_SWIFT_STANDARD_LIBRARIES = YES;
				BUNDLE_LOADER = "$(TEST_HOST)";
				CODE_SIGN_STYLE = Automatic;
				INFOPLIST_FILE = ZXYProjectKitTests/Info.plist;
				IPHONEOS_DEPLOYMENT_TARGET = 14.3;
				LD_RUNPATH_SEARCH_PATHS = (
					"$(inherited)",
					"@executable_path/Frameworks",
					"@loader_path/Frameworks",
				);
				PRODUCT_BUNDLE_IDENTIFIER = zhangxiaoyang.ZXYProjectKitTests;
				PRODUCT_NAME = "$(TARGET_NAME)";
				SWIFT_VERSION = 5.0;
				TARGETED_DEVICE_FAMILY = "1,2";
				TEST_HOST = "$(BUILT_PRODUCTS_DIR)/ZXYProjectKit.app/ZXYProjectKit";
			};
			name = Debug;
		};
		D8BFA0B525E25A0A0099B6FB /* Release */ = {
			isa = XCBuildConfiguration;
			baseConfigurationReference = 942B53AB1819C4137EE258CE /* Pods-ZXYProjectKitTests.release.xcconfig */;
			buildSettings = {
				ALWAYS_EMBED_SWIFT_STANDARD_LIBRARIES = YES;
				BUNDLE_LOADER = "$(TEST_HOST)";
				CODE_SIGN_STYLE = Automatic;
				INFOPLIST_FILE = ZXYProjectKitTests/Info.plist;
				IPHONEOS_DEPLOYMENT_TARGET = 14.3;
				LD_RUNPATH_SEARCH_PATHS = (
					"$(inherited)",
					"@executable_path/Frameworks",
					"@loader_path/Frameworks",
				);
				PRODUCT_BUNDLE_IDENTIFIER = zhangxiaoyang.ZXYProjectKitTests;
				PRODUCT_NAME = "$(TARGET_NAME)";
				SWIFT_VERSION = 5.0;
				TARGETED_DEVICE_FAMILY = "1,2";
				TEST_HOST = "$(BUILT_PRODUCTS_DIR)/ZXYProjectKit.app/ZXYProjectKit";
			};
			name = Release;
		};
		D8BFA0B725E25A0A0099B6FB /* Debug */ = {
			isa = XCBuildConfiguration;
			baseConfigurationReference = 77DCF5AADE2B9868CF97E5EB /* Pods-ZXYProjectKit-ZXYProjectKitUITests.debug.xcconfig */;
			buildSettings = {
				ALWAYS_EMBED_SWIFT_STANDARD_LIBRARIES = YES;
				CODE_SIGN_STYLE = Automatic;
				INFOPLIST_FILE = ZXYProjectKitUITests/Info.plist;
				LD_RUNPATH_SEARCH_PATHS = (
					"$(inherited)",
					"@executable_path/Frameworks",
					"@loader_path/Frameworks",
				);
				PRODUCT_BUNDLE_IDENTIFIER = zhangxiaoyang.ZXYProjectKitUITests;
				PRODUCT_NAME = "$(TARGET_NAME)";
				SWIFT_VERSION = 5.0;
				TARGETED_DEVICE_FAMILY = "1,2";
				TEST_TARGET_NAME = ZXYProjectKit;
			};
			name = Debug;
		};
		D8BFA0B825E25A0A0099B6FB /* Release */ = {
			isa = XCBuildConfiguration;
			baseConfigurationReference = A0854BB269713E2E35E5E794 /* Pods-ZXYProjectKit-ZXYProjectKitUITests.release.xcconfig */;
			buildSettings = {
				ALWAYS_EMBED_SWIFT_STANDARD_LIBRARIES = YES;
				CODE_SIGN_STYLE = Automatic;
				INFOPLIST_FILE = ZXYProjectKitUITests/Info.plist;
				LD_RUNPATH_SEARCH_PATHS = (
					"$(inherited)",
					"@executable_path/Frameworks",
					"@loader_path/Frameworks",
				);
				PRODUCT_BUNDLE_IDENTIFIER = zhangxiaoyang.ZXYProjectKitUITests;
				PRODUCT_NAME = "$(TARGET_NAME)";
				SWIFT_VERSION = 5.0;
				TARGETED_DEVICE_FAMILY = "1,2";
				TEST_TARGET_NAME = ZXYProjectKit;
			};
			name = Release;
		};
/* End XCBuildConfiguration section */

/* Begin XCConfigurationList section */
		D8BFA08125E25A090099B6FB /* Build configuration list for PBXProject "ZXYProjectKit" */ = {
			isa = XCConfigurationList;
			buildConfigurations = (
				D8BFA0AE25E25A0A0099B6FB /* Debug */,
				D8BFA0AF25E25A0A0099B6FB /* Release */,
			);
			defaultConfigurationIsVisible = 0;
			defaultConfigurationName = Release;
		};
		D8BFA0B025E25A0A0099B6FB /* Build configuration list for PBXNativeTarget "ZXYProjectKit" */ = {
			isa = XCConfigurationList;
			buildConfigurations = (
				D8BFA0B125E25A0A0099B6FB /* Debug */,
				D8BFA0B225E25A0A0099B6FB /* Release */,
			);
			defaultConfigurationIsVisible = 0;
			defaultConfigurationName = Release;
		};
		D8BFA0B325E25A0A0099B6FB /* Build configuration list for PBXNativeTarget "ZXYProjectKitTests" */ = {
			isa = XCConfigurationList;
			buildConfigurations = (
				D8BFA0B425E25A0A0099B6FB /* Debug */,
				D8BFA0B525E25A0A0099B6FB /* Release */,
			);
			defaultConfigurationIsVisible = 0;
			defaultConfigurationName = Release;
		};
		D8BFA0B625E25A0A0099B6FB /* Build configuration list for PBXNativeTarget "ZXYProjectKitUITests" */ = {
			isa = XCConfigurationList;
			buildConfigurations = (
				D8BFA0B725E25A0A0099B6FB /* Debug */,
				D8BFA0B825E25A0A0099B6FB /* Release */,
			);
			defaultConfigurationIsVisible = 0;
			defaultConfigurationName = Release;
		};
/* End XCConfigurationList section */
	};
	rootObject = D8BFA07E25E25A090099B6FB /* Project object */;
}
